// !$*UTF8*$!
{
	archiveVersion = 1;
	classes = {
	};
	objectVersion = 56;
	objects = {

/* Begin PBXBuildFile section */
		A2BB7A602A5719FF006EFD47 /* AppDelegate.swift in Sources */ = {isa = PBXBuildFile; fileRef = A2BB7A5F2A5719FF006EFD47 /* AppDelegate.swift */; };
		A2BB7A622A5719FF006EFD47 /* SceneDelegate.swift in Sources */ = {isa = PBXBuildFile; fileRef = A2BB7A612A5719FF006EFD47 /* SceneDelegate.swift */; };
		A2BB7A642A5719FF006EFD47 /* ViewController.swift in Sources */ = {isa = PBXBuildFile; fileRef = A2BB7A632A5719FF006EFD47 /* ViewController.swift */; };
		A2BB7A672A5719FF006EFD47 /* Main.storyboard in Resources */ = {isa = PBXBuildFile; fileRef = A2BB7A652A5719FF006EFD47 /* Main.storyboard */; };
		A2BB7A692A571A00006EFD47 /* Assets.xcassets in Resources */ = {isa = PBXBuildFile; fileRef = A2BB7A682A571A00006EFD47 /* Assets.xcassets */; };
		A2BB7A6C2A571A00006EFD47 /* LaunchScreen.storyboard in Resources */ = {isa = PBXBuildFile; fileRef = A2BB7A6A2A571A00006EFD47 /* LaunchScreen.storyboard */; };
		A2BB7A772A571A00006EFD47 /* DiaryTests.swift in Sources */ = {isa = PBXBuildFile; fileRef = A2BB7A762A571A00006EFD47 /* DiaryTests.swift */; };
		A2BB7A812A571A00006EFD47 /* DiaryUITests.swift in Sources */ = {isa = PBXBuildFile; fileRef = A2BB7A802A571A00006EFD47 /* DiaryUITests.swift */; };
		A2BB7A832A571A00006EFD47 /* DiaryUITestsLaunchTests.swift in Sources */ = {isa = PBXBuildFile; fileRef = A2BB7A822A571A00006EFD47 /* DiaryUITestsLaunchTests.swift */; };
/* End PBXBuildFile section */

/* Begin PBXContainerItemProxy section */
		A2BB7A732A571A00006EFD47 /* PBXContainerItemProxy */ = {
			isa = PBXContainerItemProxy;
			containerPortal = A2BB7A542A5719FF006EFD47 /* Project object */;
			proxyType = 1;
			remoteGlobalIDString = A2BB7A5B2A5719FF006EFD47;
			remoteInfo = Diary;
		};
		A2BB7A7D2A571A00006EFD47 /* PBXContainerItemProxy */ = {
			isa = PBXContainerItemProxy;
			containerPortal = A2BB7A542A5719FF006EFD47 /* Project object */;
			proxyType = 1;
			remoteGlobalIDString = A2BB7A5B2A5719FF006EFD47;
			remoteInfo = Diary;
		};
/* End PBXContainerItemProxy section */

/* Begin PBXFileReference section */
		A2BB7A5C2A5719FF006EFD47 /* Diary.app */ = {isa = PBXFileReference; explicitFileType = wrapper.application; includeInIndex = 0; path = Diary.app; sourceTree = BUILT_PRODUCTS_DIR; };
		A2BB7A5F2A5719FF006EFD47 /* AppDelegate.swift */ = {isa = PBXFileReference; lastKnownFileType = sourcecode.swift; path = AppDelegate.swift; sourceTree = "<group>"; };
		A2BB7A612A5719FF006EFD47 /* SceneDelegate.swift */ = {isa = PBXFileReference; lastKnownFileType = sourcecode.swift; path = SceneDelegate.swift; sourceTree = "<group>"; };
		A2BB7A632A5719FF006EFD47 /* ViewController.swift */ = {isa = PBXFileReference; lastKnownFileType = sourcecode.swift; path = ViewController.swift; sourceTree = "<group>"; };
		A2BB7A662A5719FF006EFD47 /* Base */ = {isa = PBXFileReference; lastKnownFileType = file.storyboard; name = Base; path = Base.lproj/Main.storyboard; sourceTree = "<group>"; };
		A2BB7A682A571A00006EFD47 /* Assets.xcassets */ = {isa = PBXFileReference; lastKnownFileType = folder.assetcatalog; path = Assets.xcassets; sourceTree = "<group>"; };
		A2BB7A6B2A571A00006EFD47 /* Base */ = {isa = PBXFileReference; lastKnownFileType = file.storyboard; name = Base; path = Base.lproj/LaunchScreen.storyboard; sourceTree = "<group>"; };
		A2BB7A6D2A571A00006EFD47 /* Info.plist */ = {isa = PBXFileReference; lastKnownFileType = text.plist.xml; path = Info.plist; sourceTree = "<group>"; };
		A2BB7A722A571A00006EFD47 /* DiaryTests.xctest */ = {isa = PBXFileReference; explicitFileType = wrapper.cfbundle; includeInIndex = 0; path = DiaryTests.xctest; sourceTree = BUILT_PRODUCTS_DIR; };
		A2BB7A762A571A00006EFD47 /* DiaryTests.swift */ = {isa = PBXFileReference; lastKnownFileType = sourcecode.swift; path = DiaryTests.swift; sourceTree = "<group>"; };
		A2BB7A7C2A571A00006EFD47 /* DiaryUITests.xctest */ = {isa = PBXFileReference; explicitFileType = wrapper.cfbundle; includeInIndex = 0; path = DiaryUITests.xctest; sourceTree = BUILT_PRODUCTS_DIR; };
		A2BB7A802A571A00006EFD47 /* DiaryUITests.swift */ = {isa = PBXFileReference; lastKnownFileType = sourcecode.swift; path = DiaryUITests.swift; sourceTree = "<group>"; };
		A2BB7A822A571A00006EFD47 /* DiaryUITestsLaunchTests.swift */ = {isa = PBXFileReference; lastKnownFileType = sourcecode.swift; path = DiaryUITestsLaunchTests.swift; sourceTree = "<group>"; };
/* End PBXFileReference section */

/* Begin PBXFrameworksBuildPhase section */
		A2BB7A592A5719FF006EFD47 /* Frameworks */ = {
			isa = PBXFrameworksBuildPhase;
			buildActionMask = 2147483647;
			files = (
			);
			runOnlyForDeploymentPostprocessing = 0;
		};
		A2BB7A6F2A571A00006EFD47 /* Frameworks */ = {
			isa = PBXFrameworksBuildPhase;
			buildActionMask = 2147483647;
			files = (
			);
			runOnlyForDeploymentPostprocessing = 0;
		};
		A2BB7A792A571A00006EFD47 /* Frameworks */ = {
			isa = PBXFrameworksBuildPhase;
			buildActionMask = 2147483647;
			files = (
			);
			runOnlyForDeploymentPostprocessing = 0;
		};
/* End PBXFrameworksBuildPhase section */

/* Begin PBXGroup section */
		A2BB7A532A5719FF006EFD47 = {
			isa = PBXGroup;
			children = (
				A2BB7A5E2A5719FF006EFD47 /* Diary */,
				A2BB7A752A571A00006EFD47 /* DiaryTests */,
				A2BB7A7F2A571A00006EFD47 /* DiaryUITests */,
				A2BB7A5D2A5719FF006EFD47 /* Products */,
			);
			sourceTree = "<group>";
		};
		A2BB7A5D2A5719FF006EFD47 /* Products */ = {
			isa = PBXGroup;
			children = (
				A2BB7A5C2A5719FF006EFD47 /* Diary.app */,
				A2BB7A722A571A00006EFD47 /* DiaryTests.xctest */,
				A2BB7A7C2A571A00006EFD47 /* DiaryUITests.xctest */,
			);
			name = Products;
			sourceTree = "<group>";
		};
		A2BB7A5E2A5719FF006EFD47 /* Diary */ = {
			isa = PBXGroup;
			children = (
				A2BB7A5F2A5719FF006EFD47 /* AppDelegate.swift */,
				A2BB7A612A5719FF006EFD47 /* SceneDelegate.swift */,
				A2BB7A632A5719FF006EFD47 /* ViewController.swift */,
				A2BB7A652A5719FF006EFD47 /* Main.storyboard */,
				A2BB7A682A571A00006EFD47 /* Assets.xcassets */,
				A2BB7A6A2A571A00006EFD47 /* LaunchScreen.storyboard */,
				A2BB7A6D2A571A00006EFD47 /* Info.plist */,
			);
			path = Diary;
			sourceTree = "<group>";
		};
		A2BB7A752A571A00006EFD47 /* DiaryTests */ = {
			isa = PBXGroup;
			children = (
				A2BB7A762A571A00006EFD47 /* DiaryTests.swift */,
			);
			path = DiaryTests;
			sourceTree = "<group>";
		};
		A2BB7A7F2A571A00006EFD47 /* DiaryUITests */ = {
			isa = PBXGroup;
			children = (
				A2BB7A802A571A00006EFD47 /* DiaryUITests.swift */,
				A2BB7A822A571A00006EFD47 /* DiaryUITestsLaunchTests.swift */,
			);
			path = DiaryUITests;
			sourceTree = "<group>";
		};
/* End PBXGroup section */

/* Begin PBXNativeTarget section */
		A2BB7A5B2A5719FF006EFD47 /* Diary */ = {
			isa = PBXNativeTarget;
			buildConfigurationList = A2BB7A862A571A00006EFD47 /* Build configuration list for PBXNativeTarget "Diary" */;
			buildPhases = (
				A2BB7A582A5719FF006EFD47 /* Sources */,
				A2BB7A592A5719FF006EFD47 /* Frameworks */,
				A2BB7A5A2A5719FF006EFD47 /* Resources */,
			);
			buildRules = (
			);
			dependencies = (
			);
			name = Diary;
			productName = Diary;
			productReference = A2BB7A5C2A5719FF006EFD47 /* Diary.app */;
			productType = "com.apple.product-type.application";
		};
		A2BB7A712A571A00006EFD47 /* DiaryTests */ = {
			isa = PBXNativeTarget;
			buildConfigurationList = A2BB7A892A571A00006EFD47 /* Build configuration list for PBXNativeTarget "DiaryTests" */;
			buildPhases = (
				A2BB7A6E2A571A00006EFD47 /* Sources */,
				A2BB7A6F2A571A00006EFD47 /* Frameworks */,
				A2BB7A702A571A00006EFD47 /* Resources */,
			);
			buildRules = (
			);
			dependencies = (
				A2BB7A742A571A00006EFD47 /* PBXTargetDependency */,
			);
			name = DiaryTests;
			productName = DiaryTests;
			productReference = A2BB7A722A571A00006EFD47 /* DiaryTests.xctest */;
			productType = "com.apple.product-type.bundle.unit-test";
		};
		A2BB7A7B2A571A00006EFD47 /* DiaryUITests */ = {
			isa = PBXNativeTarget;
			buildConfigurationList = A2BB7A8C2A571A00006EFD47 /* Build configuration list for PBXNativeTarget "DiaryUITests" */;
			buildPhases = (
				A2BB7A782A571A00006EFD47 /* Sources */,
				A2BB7A792A571A00006EFD47 /* Frameworks */,
				A2BB7A7A2A571A00006EFD47 /* Resources */,
			);
			buildRules = (
			);
			dependencies = (
				A2BB7A7E2A571A00006EFD47 /* PBXTargetDependency */,
			);
			name = DiaryUITests;
			productName = DiaryUITests;
			productReference = A2BB7A7C2A571A00006EFD47 /* DiaryUITests.xctest */;
			productType = "com.apple.product-type.bundle.ui-testing";
		};
/* End PBXNativeTarget section */

/* Begin PBXProject section */
		A2BB7A542A5719FF006EFD47 /* Project object */ = {
			isa = PBXProject;
			attributes = {
				BuildIndependentTargetsInParallel = 1;
				LastSwiftUpdateCheck = 1430;
				LastUpgradeCheck = 1430;
				TargetAttributes = {
					A2BB7A5B2A5719FF006EFD47 = {
						CreatedOnToolsVersion = 14.3;
					};
					A2BB7A712A571A00006EFD47 = {
						CreatedOnToolsVersion = 14.3;
						TestTargetID = A2BB7A5B2A5719FF006EFD47;
					};
					A2BB7A7B2A571A00006EFD47 = {
						CreatedOnToolsVersion = 14.3;
						TestTargetID = A2BB7A5B2A5719FF006EFD47;
					};
				};
			};
			buildConfigurationList = A2BB7A572A5719FF006EFD47 /* Build configuration list for PBXProject "Diary" */;
			compatibilityVersion = "Xcode 14.0";
			developmentRegion = en;
			hasScannedForEncodings = 0;
			knownRegions = (
				en,
				Base,
			);
			mainGroup = A2BB7A532A5719FF006EFD47;
			productRefGroup = A2BB7A5D2A5719FF006EFD47 /* Products */;
			projectDirPath = "";
			projectRoot = "";
			targets = (
				A2BB7A5B2A5719FF006EFD47 /* Diary */,
				A2BB7A712A571A00006EFD47 /* DiaryTests */,
				A2BB7A7B2A571A00006EFD47 /* DiaryUITests */,
			);
		};
/* End PBXProject section */

/* Begin PBXResourcesBuildPhase section */
		A2BB7A5A2A5719FF006EFD47 /* Resources */ = {
			isa = PBXResourcesBuildPhase;
			buildActionMask = 2147483647;
			files = (
				A2BB7A6C2A571A00006EFD47 /* LaunchScreen.storyboard in Resources */,
				A2BB7A692A571A00006EFD47 /* Assets.xcassets in Resources */,
				A2BB7A672A5719FF006EFD47 /* Main.storyboard in Resources */,
			);
			runOnlyForDeploymentPostprocessing = 0;
		};
		A2BB7A702A571A00006EFD47 /* Resources */ = {
			isa = PBXResourcesBuildPhase;
			buildActionMask = 2147483647;
			files = (
			);
			runOnlyForDeploymentPostprocessing = 0;
		};
		A2BB7A7A2A571A00006EFD47 /* Resources */ = {
			isa = PBXResourcesBuildPhase;
			buildActionMask = 2147483647;
			files = (
			);
			runOnlyForDeploymentPostprocessing = 0;
		};
/* End PBXResourcesBuildPhase section */

/* Begin PBXSourcesBuildPhase section */
		A2BB7A582A5719FF006EFD47 /* Sources */ = {
			isa = PBXSourcesBuildPhase;
			buildActionMask = 2147483647;
			files = (
				A2BB7A642A5719FF006EFD47 /* ViewController.swift in Sources */,
				A2BB7A602A5719FF006EFD47 /* AppDelegate.swift in Sources */,
				A2BB7A622A5719FF006EFD47 /* SceneDelegate.swift in Sources */,
			);
			runOnlyForDeploymentPostprocessing = 0;
		};
		A2BB7A6E2A571A00006EFD47 /* Sources */ = {
			isa = PBXSourcesBuildPhase;
			buildActionMask = 2147483647;
			files = (
				A2BB7A772A571A00006EFD47 /* DiaryTests.swift in Sources */,
			);
			runOnlyForDeploymentPostprocessing = 0;
		};
		A2BB7A782A571A00006EFD47 /* Sources */ = {
			isa = PBXSourcesBuildPhase;
			buildActionMask = 2147483647;
			files = (
				A2BB7A832A571A00006EFD47 /* DiaryUITestsLaunchTests.swift in Sources */,
				A2BB7A812A571A00006EFD47 /* DiaryUITests.swift in Sources */,
			);
			runOnlyForDeploymentPostprocessing = 0;
		};
/* End PBXSourcesBuildPhase section */

/* Begin PBXTargetDependency section */
		A2BB7A742A571A00006EFD47 /* PBXTargetDependency */ = {
			isa = PBXTargetDependency;
			target = A2BB7A5B2A5719FF006EFD47 /* Diary */;
			targetProxy = A2BB7A732A571A00006EFD47 /* PBXContainerItemProxy */;
		};
		A2BB7A7E2A571A00006EFD47 /* PBXTargetDependency */ = {
			isa = PBXTargetDependency;
			target = A2BB7A5B2A5719FF006EFD47 /* Diary */;
			targetProxy = A2BB7A7D2A571A00006EFD47 /* PBXContainerItemProxy */;
		};
/* End PBXTargetDependency section */

/* Begin PBXVariantGroup section */
		A2BB7A652A5719FF006EFD47 /* Main.storyboard */ = {
			isa = PBXVariantGroup;
			children = (
				A2BB7A662A5719FF006EFD47 /* Base */,
			);
			name = Main.storyboard;
			sourceTree = "<group>";
		};
		A2BB7A6A2A571A00006EFD47 /* LaunchScreen.storyboard */ = {
			isa = PBXVariantGroup;
			children = (
				A2BB7A6B2A571A00006EFD47 /* Base */,
			);
			name = LaunchScreen.storyboard;
			sourceTree = "<group>";
		};
/* End PBXVariantGroup section */

/* Begin XCBuildConfiguration section */
		A2BB7A842A571A00006EFD47 /* Debug */ = {
			isa = XCBuildConfiguration;
			buildSettings = {
				ALWAYS_SEARCH_USER_PATHS = NO;
				CLANG_ANALYZER_NONNULL = YES;
				CLANG_ANALYZER_NUMBER_OBJECT_CONVERSION = YES_AGGRESSIVE;
				CLANG_CXX_LANGUAGE_STANDARD = "gnu++20";
				CLANG_ENABLE_MODULES = YES;
				CLANG_ENABLE_OBJC_ARC = YES;
				CLANG_ENABLE_OBJC_WEAK = YES;
				CLANG_WARN_BLOCK_CAPTURE_AUTORELEASING = YES;
				CLANG_WARN_BOOL_CONVERSION = YES;
				CLANG_WARN_COMMA = YES;
				CLANG_WARN_CONSTANT_CONVERSION = YES;
				CLANG_WARN_DEPRECATED_OBJC_IMPLEMENTATIONS = YES;
				CLANG_WARN_DIRECT_OBJC_ISA_USAGE = YES_ERROR;
				CLANG_WARN_DOCUMENTATION_COMMENTS = YES;
				CLANG_WARN_EMPTY_BODY = YES;
				CLANG_WARN_ENUM_CONVERSION = YES;
				CLANG_WARN_INFINITE_RECURSION = YES;
				CLANG_WARN_INT_CONVERSION = YES;
				CLANG_WARN_NON_LITERAL_NULL_CONVERSION = YES;
				CLANG_WARN_OBJC_IMPLICIT_RETAIN_SELF = YES;
				CLANG_WARN_OBJC_LITERAL_CONVERSION = YES;
				CLANG_WARN_OBJC_ROOT_CLASS = YES_ERROR;
				CLANG_WARN_QUOTED_INCLUDE_IN_FRAMEWORK_HEADER = YES;
				CLANG_WARN_RANGE_LOOP_ANALYSIS = YES;
				CLANG_WARN_STRICT_PROTOTYPES = YES;
				CLANG_WARN_SUSPICIOUS_MOVE = YES;
				CLANG_WARN_UNGUARDED_AVAILABILITY = YES_AGGRESSIVE;
				CLANG_WARN_UNREACHABLE_CODE = YES;
				CLANG_WARN__DUPLICATE_METHOD_MATCH = YES;
				COPY_PHASE_STRIP = NO;
				DEBUG_INFORMATION_FORMAT = dwarf;
				ENABLE_STRICT_OBJC_MSGSEND = YES;
				ENABLE_TESTABILITY = YES;
				GCC_C_LANGUAGE_STANDARD = gnu11;
				GCC_DYNAMIC_NO_PIC = NO;
				GCC_NO_COMMON_BLOCKS = YES;
				GCC_OPTIMIZATION_LEVEL = 0;
				GCC_PREPROCESSOR_DEFINITIONS = (
					"DEBUG=1",
					"$(inherited)",
				);
				GCC_WARN_64_TO_32_BIT_CONVERSION = YES;
				GCC_WARN_ABOUT_RETURN_TYPE = YES_ERROR;
				GCC_WARN_UNDECLARED_SELECTOR = YES;
				GCC_WARN_UNINITIALIZED_AUTOS = YES_AGGRESSIVE;
				GCC_WARN_UNUSED_FUNCTION = YES;
				GCC_WARN_UNUSED_VARIABLE = YES;
				IPHONEOS_DEPLOYMENT_TARGET = 16.4;
				MTL_ENABLE_DEBUG_INFO = INCLUDE_SOURCE;
				MTL_FAST_MATH = YES;
				ONLY_ACTIVE_ARCH = YES;
				SDKROOT = iphoneos;
				SWIFT_ACTIVE_COMPILATION_CONDITIONS = DEBUG;
				SWIFT_OPTIMIZATION_LEVEL = "-Onone";
			};
			name = Debug;
		};
		A2BB7A852A571A00006EFD47 /* Release */ = {
			isa = XCBuildConfiguration;
			buildSettings = {
				ALWAYS_SEARCH_USER_PATHS = NO;
				CLANG_ANALYZER_NONNULL = YES;
				CLANG_ANALYZER_NUMBER_OBJECT_CONVERSION = YES_AGGRESSIVE;
				CLANG_CXX_LANGUAGE_STANDARD = "gnu++20";
				CLANG_ENABLE_MODULES = YES;
				CLANG_ENABLE_OBJC_ARC = YES;
				CLANG_ENABLE_OBJC_WEAK = YES;
				CLANG_WARN_BLOCK_CAPTURE_AUTORELEASING = YES;
				CLANG_WARN_BOOL_CONVERSION = YES;
				CLANG_WARN_COMMA = YES;
				CLANG_WARN_CONSTANT_CONVERSION = YES;
				CLANG_WARN_DEPRECATED_OBJC_IMPLEMENTATIONS = YES;
				CLANG_WARN_DIRECT_OBJC_ISA_USAGE = YES_ERROR;
				CLANG_WARN_DOCUMENTATION_COMMENTS = YES;
				CLANG_WARN_EMPTY_BODY = YES;
				CLANG_WARN_ENUM_CONVERSION = YES;
				CLANG_WARN_INFINITE_RECURSION = YES;
				CLANG_WARN_INT_CONVERSION = YES;
				CLANG_WARN_NON_LITERAL_NULL_CONVERSION = YES;
				CLANG_WARN_OBJC_IMPLICIT_RETAIN_SELF = YES;
				CLANG_WARN_OBJC_LITERAL_CONVERSION = YES;
				CLANG_WARN_OBJC_ROOT_CLASS = YES_ERROR;
				CLANG_WARN_QUOTED_INCLUDE_IN_FRAMEWORK_HEADER = YES;
				CLANG_WARN_RANGE_LOOP_ANALYSIS = YES;
				CLANG_WARN_STRICT_PROTOTYPES = YES;
				CLANG_WARN_SUSPICIOUS_MOVE = YES;
				CLANG_WARN_UNGUARDED_AVAILABILITY = YES_AGGRESSIVE;
				CLANG_WARN_UNREACHABLE_CODE = YES;
				CLANG_WARN__DUPLICATE_METHOD_MATCH = YES;
				COPY_PHASE_STRIP = NO;
				DEBUG_INFORMATION_FORMAT = "dwarf-with-dsym";
				ENABLE_NS_ASSERTIONS = NO;
				ENABLE_STRICT_OBJC_MSGSEND = YES;
				GCC_C_LANGUAGE_STANDARD = gnu11;
				GCC_NO_COMMON_BLOCKS = YES;
				GCC_WARN_64_TO_32_BIT_CONVERSION = YES;
				GCC_WARN_ABOUT_RETURN_TYPE = YES_ERROR;
				GCC_WARN_UNDECLARED_SELECTOR = YES;
				GCC_WARN_UNINITIALIZED_AUTOS = YES_AGGRESSIVE;
				GCC_WARN_UNUSED_FUNCTION = YES;
				GCC_WARN_UNUSED_VARIABLE = YES;
				IPHONEOS_DEPLOYMENT_TARGET = 16.4;
				MTL_ENABLE_DEBUG_INFO = NO;
				MTL_FAST_MATH = YES;
				SDKROOT = iphoneos;
				SWIFT_COMPILATION_MODE = wholemodule;
				SWIFT_OPTIMIZATION_LEVEL = "-O";
				VALIDATE_PRODUCT = YES;
			};
			name = Release;
		};
		A2BB7A872A571A00006EFD47 /* Debug */ = {
			isa = XCBuildConfiguration;
			buildSettings = {
				ASSETCATALOG_COMPILER_APPICON_NAME = AppIcon;
				ASSETCATALOG_COMPILER_GLOBAL_ACCENT_COLOR_NAME = AccentColor;
				CODE_SIGN_STYLE = Automatic;
				CURRENT_PROJECT_VERSION = 1;
				DEVELOPMENT_TEAM = 83DZ5UD4QS;
				GENERATE_INFOPLIST_FILE = YES;
				INFOPLIST_FILE = Diary/Info.plist;
				INFOPLIST_KEY_UIApplicationSupportsIndirectInputEvents = YES;
				INFOPLIST_KEY_UILaunchStoryboardName = LaunchScreen;
				INFOPLIST_KEY_UIMainStoryboardFile = Main;
				INFOPLIST_KEY_UISupportedInterfaceOrientations_iPad = "UIInterfaceOrientationPortrait UIInterfaceOrientationPortraitUpsideDown UIInterfaceOrientationLandscapeLeft UIInterfaceOrientationLandscapeRight";
				INFOPLIST_KEY_UISupportedInterfaceOrientations_iPhone = "UIInterfaceOrientationPortrait UIInterfaceOrientationLandscapeLeft UIInterfaceOrientationLandscapeRight";
				LD_RUNPATH_SEARCH_PATHS = (
					"$(inherited)",
					"@executable_path/Frameworks",
				);
				MARKETING_VERSION = 1.0;
				PRODUCT_BUNDLE_IDENTIFIER = com.alexandroni.Diary;
				PRODUCT_NAME = "$(TARGET_NAME)";
				SWIFT_EMIT_LOC_STRINGS = YES;
				SWIFT_VERSION = 5.0;
				TARGETED_DEVICE_FAMILY = "1,2";
			};
			name = Debug;
		};
		A2BB7A882A571A00006EFD47 /* Release */ = {
			isa = XCBuildConfiguration;
			buildSettings = {
				ASSETCATALOG_COMPILER_APPICON_NAME = AppIcon;
				ASSETCATALOG_COMPILER_GLOBAL_ACCENT_COLOR_NAME = AccentColor;
				CODE_SIGN_STYLE = Automatic;
				CURRENT_PROJECT_VERSION = 1;
				DEVELOPMENT_TEAM = 83DZ5UD4QS;
				GENERATE_INFOPLIST_FILE = YES;
				INFOPLIST_FILE = Diary/Info.plist;
				INFOPLIST_KEY_UIApplicationSupportsIndirectInputEvents = YES;
				INFOPLIST_KEY_UILaunchStoryboardName = LaunchScreen;
				INFOPLIST_KEY_UIMainStoryboardFile = Main;
				INFOPLIST_KEY_UISupportedInterfaceOrientations_iPad = "UIInterfaceOrientationPortrait UIInterfaceOrientationPortraitUpsideDown UIInterfaceOrientationLandscapeLeft UIInterfaceOrientationLandscapeRight";
				INFOPLIST_KEY_UISupportedInterfaceOrientations_iPhone = "UIInterfaceOrientationPortrait UIInterfaceOrientationLandscapeLeft UIInterfaceOrientationLandscapeRight";
				LD_RUNPATH_SEARCH_PATHS = (
					"$(inherited)",
					"@executable_path/Frameworks",
				);
				MARKETING_VERSION = 1.0;
				PRODUCT_BUNDLE_IDENTIFIER = com.alexandroni.Diary;
				PRODUCT_NAME = "$(TARGET_NAME)";
				SWIFT_EMIT_LOC_STRINGS = YES;
				SWIFT_VERSION = 5.0;
				TARGETED_DEVICE_FAMILY = "1,2";
			};
			name = Release;
		};
		A2BB7A8A2A571A00006EFD47 /* Debug */ = {
			isa = XCBuildConfiguration;
			buildSettings = {
				ALWAYS_EMBED_SWIFT_STANDARD_LIBRARIES = YES;
				BUNDLE_LOADER = "$(TEST_HOST)";
				CODE_SIGN_STYLE = Automatic;
				CURRENT_PROJECT_VERSION = 1;
				DEVELOPMENT_TEAM = 83DZ5UD4QS;
				GENERATE_INFOPLIST_FILE = YES;
				IPHONEOS_DEPLOYMENT_TARGET = 16.4;
				MARKETING_VERSION = 1.0;
				PRODUCT_BUNDLE_IDENTIFIER = com.alexandroni.DiaryTests;
				PRODUCT_NAME = "$(TARGET_NAME)";
				SWIFT_EMIT_LOC_STRINGS = NO;
				SWIFT_VERSION = 5.0;
				TARGETED_DEVICE_FAMILY = "1,2";
				TEST_HOST = "$(BUILT_PRODUCTS_DIR)/Diary.app/$(BUNDLE_EXECUTABLE_FOLDER_PATH)/Diary";
			};
			name = Debug;
		};
		A2BB7A8B2A571A00006EFD47 /* Release */ = {
			isa = XCBuildConfiguration;
			buildSettings = {
				ALWAYS_EMBED_SWIFT_STANDARD_LIBRARIES = YES;
				BUNDLE_LOADER = "$(TEST_HOST)";
				CODE_SIGN_STYLE = Automatic;
				CURRENT_PROJECT_VERSION = 1;
				DEVELOPMENT_TEAM = 83DZ5UD4QS;
				GENERATE_INFOPLIST_FILE = YES;
				IPHONEOS_DEPLOYMENT_TARGET = 16.4;
				MARKETING_VERSION = 1.0;
				PRODUCT_BUNDLE_IDENTIFIER = com.alexandroni.DiaryTests;
				PRODUCT_NAME = "$(TARGET_NAME)";
				SWIFT_EMIT_LOC_STRINGS = NO;
				SWIFT_VERSION = 5.0;
				TARGETED_DEVICE_FAMILY = "1,2";
				TEST_HOST = "$(BUILT_PRODUCTS_DIR)/Diary.app/$(BUNDLE_EXECUTABLE_FOLDER_PATH)/Diary";
			};
			name = Release;
		};
		A2BB7A8D2A571A00006EFD47 /* Debug */ = {
			isa = XCBuildConfiguration;
			buildSettings = {
				ALWAYS_EMBED_SWIFT_STANDARD_LIBRARIES = YES;
				CODE_SIGN_STYLE = Automatic;
				CURRENT_PROJECT_VERSION = 1;
				DEVELOPMENT_TEAM = 83DZ5UD4QS;
				GENERATE_INFOPLIST_FILE = YES;
				MARKETING_VERSION = 1.0;
				PRODUCT_BUNDLE_IDENTIFIER = com.alexandroni.DiaryUITests;
				PRODUCT_NAME = "$(TARGET_NAME)";
				SWIFT_EMIT_LOC_STRINGS = NO;
				SWIFT_VERSION = 5.0;
				TARGETED_DEVICE_FAMILY = "1,2";
				TEST_TARGET_NAME = Diary;
			};
			name = Debug;
		};
		A2BB7A8E2A571A00006EFD47 /* Release */ = {
			isa = XCBuildConfiguration;
			buildSettings = {
				ALWAYS_EMBED_SWIFT_STANDARD_LIBRARIES = YES;
				CODE_SIGN_STYLE = Automatic;
				CURRENT_PROJECT_VERSION = 1;
				DEVELOPMENT_TEAM = 83DZ5UD4QS;
				GENERATE_INFOPLIST_FILE = YES;
				MARKETING_VERSION = 1.0;
				PRODUCT_BUNDLE_IDENTIFIER = com.alexandroni.DiaryUITests;
				PRODUCT_NAME = "$(TARGET_NAME)";
				SWIFT_EMIT_LOC_STRINGS = NO;
				SWIFT_VERSION = 5.0;
				TARGETED_DEVICE_FAMILY = "1,2";
				TEST_TARGET_NAME = Diary;
			};
			name = Release;
		};
/* End XCBuildConfiguration section */

/* Begin XCConfigurationList section */
		A2BB7A572A5719FF006EFD47 /* Build configuration list for PBXProject "Diary" */ = {
			isa = XCConfigurationList;
			buildConfigurations = (
				A2BB7A842A571A00006EFD47 /* Debug */,
				A2BB7A852A571A00006EFD47 /* Release */,
			);
			defaultConfigurationIsVisible = 0;
			defaultConfigurationName = Release;
		};
		A2BB7A862A571A00006EFD47 /* Build configuration list for PBXNativeTarget "Diary" */ = {
			isa = XCConfigurationList;
			buildConfigurations = (
				A2BB7A872A571A00006EFD47 /* Debug */,
				A2BB7A882A571A00006EFD47 /* Release */,
			);
			defaultConfigurationIsVisible = 0;
			defaultConfigurationName = Release;
		};
		A2BB7A892A571A00006EFD47 /* Build configuration list for PBXNativeTarget "DiaryTests" */ = {
			isa = XCConfigurationList;
			buildConfigurations = (
				A2BB7A8A2A571A00006EFD47 /* Debug */,
				A2BB7A8B2A571A00006EFD47 /* Release */,
			);
			defaultConfigurationIsVisible = 0;
			defaultConfigurationName = Release;
		};
		A2BB7A8C2A571A00006EFD47 /* Build configuration list for PBXNativeTarget "DiaryUITests" */ = {
			isa = XCConfigurationList;
			buildConfigurations = (
				A2BB7A8D2A571A00006EFD47 /* Debug */,
				A2BB7A8E2A571A00006EFD47 /* Release */,
			);
			defaultConfigurationIsVisible = 0;
			defaultConfigurationName = Release;
		};
/* End XCConfigurationList section */
	};
	rootObject = A2BB7A542A5719FF006EFD47 /* Project object */;
}
